PODS:
  - FDFullscreenPopGesture (1.1)
  - LQGBaseAppDelegate (1.0.0)
  - LQGBaseModel (1.0.0):
    - YYModel
  - LQGBaseView/BaseController (1.0.0):
    - FDFullscreenPopGesture
    - LQGBaseView/Protocol
    - LQGCategory
    - LQGMacro
    - WebViewJavascriptBridge (~> 6.0.3)
  - LQGBaseView/BaseView (1.0.0):
    - LQGBaseView/Protocol
  - LQGBaseView/Protocol (1.0.0)
  - LQGCategory (1.0.0)
  - LQGCTMediator (1.0.0)
  - LQGMacro (1.0.0)
  - LQGNoTargetAction (1.0.0):
    - LQGBaseView/BaseController
    - LQGTip
  - LQGNoTargetAction_Category (1.0.0):
    - LQGNoTargetAction
    - LQGTip
  - LQGPrivacy (1.0.0):
    - LQGMacro
    - LQGTip
  - LQGTest (1.0.0):
    - LQGBaseModel
    - LQGBaseView/BaseController
    - LQGCTMediator
    - LQGPrivacy
    - LQGTip
    - LQGUIStyle
    - SnapKit
  - LQGTip (1.0.0):
    - LQGBaseModel
    - LQGBaseView/BaseView
    - LQGCategory
    - LQGMacro
    - Masonry
  - LQGUIStyle (1.0.0):
    - LQGBaseView/BaseController
  - Masonry (1.1.0)
  - SnapKit (5.0.1)
  - WebViewJavascriptBridge (6.0.3)
  - YYModel (1.0.4)

DEPENDENCIES:
  - LQGBaseAppDelegate
  - LQGNoTargetAction (from `https://github.com/LuoJianGitHub/LQGNoTargetAction.git`, tag `1.0.0`)
  - LQGNoTargetAction_Category (from `https://github.com/LuoJianGitHub/LQGNoTargetAction_Category.git`, tag `1.0.0`)
  - LQGTest (from `../`)
  - LQGUIStyle (from `https://github.com/LuoJianGitHub/LQGUIStyle.git`, tag `1.0.0`)

SPEC REPOS:
  https://github.com/CocoaPods/Specs.git:
    - FDFullscreenPopGesture
    - LQGBaseAppDelegate
    - LQGBaseModel
    - LQGBaseView
    - LQGCategory
    - LQGCTMediator
    - LQGMacro
    - LQGPrivacy
    - LQGTip
    - Masonry
    - SnapKit
    - WebViewJavascriptBridge
    - YYModel

EXTERNAL SOURCES:
  LQGNoTargetAction:
    :git: https://github.com/LuoJianGitHub/LQGNoTargetAction.git
    :tag: 1.0.0
  LQGNoTargetAction_Category:
    :git: https://github.com/LuoJianGitHub/LQGNoTargetAction_Category.git
    :tag: 1.0.0
  LQGTest:
    :path: "../"
  LQGUIStyle:
    :git: https://github.com/LuoJianGitHub/LQGUIStyle.git
    :tag: 1.0.0

CHECKOUT OPTIONS:
  LQGNoTargetAction:
    :git: https://github.com/LuoJianGitHub/LQGNoTargetAction.git
    :tag: 1.0.0
  LQGNoTargetAction_Category:
    :git: https://github.com/LuoJianGitHub/LQGNoTargetAction_Category.git
    :tag: 1.0.0
  LQGUIStyle:
    :git: https://github.com/LuoJianGitHub/LQGUIStyle.git
    :tag: 1.0.0

SPEC CHECKSUMS:
  FDFullscreenPopGesture: a8a620179e3d9c40e8e00256dcee1c1a27c6d0f0
  LQGBaseAppDelegate: 19083344386ed54755bb63738b97d576e680dc51
  LQGBaseModel: e7da52a706eb046e3c45276596cc77cbe1ab1777
  LQGBaseView: 1bd9188e1671d7f0926a172df2a201f7749c8543
  LQGCategory: d06e3e77818efa42e810aeebc493f3cb122522aa
  LQGCTMediator: 9dcdd77432cd4cd564af7aafbf9268e0586cc880
  LQGMacro: 83996fc0371fe853771123e3dc879908765bc44a
  LQGNoTargetAction: 1d30773b1ffad0f73cc27b96e8a9f3fb9235a5f0
  LQGNoTargetAction_Category: 7413cb751db6c9845a595975435fb578d64e129e
  LQGPrivacy: c7c193c5fc0c2079304878d9e2a24e50ccade298
  LQGTest: 09977f11220190a86f1c067d9da61c5e582ee8b2
  LQGTip: 5b52aa76aecdda394e5fbdcc27414c13230de610
  LQGUIStyle: 7cf1536324cfb44eb506b97db67f3c402ee1bacc
  Masonry: 678fab65091a9290e40e2832a55e7ab731aad201
  SnapKit: 97b92857e3df3a0c71833cce143274bf6ef8e5eb
  WebViewJavascriptBridge: 7f5bc4d3581e672e8f32bd0f812d54bc69bb8e29
  YYModel: 2a7fdd96aaa4b86a824e26d0c517de8928c04b30

PODFILE CHECKSUM: fe4fcba6dd80ac24d598d20460bfed4f33de7d5e

COCOAPODS: 1.11.2
